// !$*UTF8*$!
{
	archiveVersion = 1;
	classes = {
	};
	objectVersion = 50;
	objects = {

/* Begin PBXBuildFile section */
		7701F6912635149300F68A9A /* AppDelegate.swift in Sources */ = {isa = PBXBuildFile; fileRef = 7701F6902635149300F68A9A /* AppDelegate.swift */; };
		7701F6952635149300F68A9A /* ViewController.swift in Sources */ = {isa = PBXBuildFile; fileRef = 7701F6942635149300F68A9A /* ViewController.swift */; };
		7701F6982635149300F68A9A /* Main.storyboard in Resources */ = {isa = PBXBuildFile; fileRef = 7701F6962635149300F68A9A /* Main.storyboard */; };
		7701F69A2635149600F68A9A /* Assets.xcassets in Resources */ = {isa = PBXBuildFile; fileRef = 7701F6992635149600F68A9A /* Assets.xcassets */; };
		7701F69D2635149600F68A9A /* LaunchScreen.storyboard in Resources */ = {isa = PBXBuildFile; fileRef = 7701F69B2635149600F68A9A /* LaunchScreen.storyboard */; };
		DF4051BB819973FEC79C491B /* Pods_BaseProject_swift.framework in Frameworks */ = {isa = PBXBuildFile; fileRef = A78FF85E2E746BE76D7349D0 /* Pods_BaseProject_swift.framework */; };
/* End PBXBuildFile section */

/* Begin PBXFileReference section */
		291F33A03A98BF3899D8B757 /* Pods-BaseProject_swift.release.xcconfig */ = {isa = PBXFileReference; includeInIndex = 1; lastKnownFileType = text.xcconfig; name = "Pods-BaseProject_swift.release.xcconfig"; path = "Target Support Files/Pods-BaseProject_swift/Pods-BaseProject_swift.release.xcconfig"; sourceTree = "<group>"; };
		39923E5593DBEFE17704D560 /* Pods-BaseProject_swift.debug.xcconfig */ = {isa = PBXFileReference; includeInIndex = 1; lastKnownFileType = text.xcconfig; name = "Pods-BaseProject_swift.debug.xcconfig"; path = "Target Support Files/Pods-BaseProject_swift/Pods-BaseProject_swift.debug.xcconfig"; sourceTree = "<group>"; };
		7701F68D2635149300F68A9A /* BaseProject_swift.app */ = {isa = PBXFileReference; explicitFileType = wrapper.application; includeInIndex = 0; path = BaseProject_swift.app; sourceTree = BUILT_PRODUCTS_DIR; };
		7701F6902635149300F68A9A /* AppDelegate.swift */ = {isa = PBXFileReference; lastKnownFileType = sourcecode.swift; path = AppDelegate.swift; sourceTree = "<group>"; };
		7701F6942635149300F68A9A /* ViewController.swift */ = {isa = PBXFileReference; lastKnownFileType = sourcecode.swift; path = ViewController.swift; sourceTree = "<group>"; };
		7701F6972635149300F68A9A /* Base */ = {isa = PBXFileReference; lastKnownFileType = file.storyboard; name = Base; path = Base.lproj/Main.storyboard; sourceTree = "<group>"; };
		7701F6992635149600F68A9A /* Assets.xcassets */ = {isa = PBXFileReference; lastKnownFileType = folder.assetcatalog; path = Assets.xcassets; sourceTree = "<group>"; };
		7701F69C2635149600F68A9A /* Base */ = {isa = PBXFileReference; lastKnownFileType = file.storyboard; name = Base; path = Base.lproj/LaunchScreen.storyboard; sourceTree = "<group>"; };
		7701F69E2635149600F68A9A /* Info.plist */ = {isa = PBXFileReference; lastKnownFileType = text.plist.xml; path = Info.plist; sourceTree = "<group>"; };
		A78FF85E2E746BE76D7349D0 /* Pods_BaseProject_swift.framework */ = {isa = PBXFileReference; explicitFileType = wrapper.framework; includeInIndex = 0; path = Pods_BaseProject_swift.framework; sourceTree = BUILT_PRODUCTS_DIR; };
/* End PBXFileReference section */

/* Begin PBXFrameworksBuildPhase section */
		7701F68A2635149300F68A9A /* Frameworks */ = {
			isa = PBXFrameworksBuildPhase;
			buildActionMask = 2147483647;
			files = (
				DF4051BB819973FEC79C491B /* Pods_BaseProject_swift.framework in Frameworks */,
			);
			runOnlyForDeploymentPostprocessing = 0;
		};
/* End PBXFrameworksBuildPhase section */

/* Begin PBXGroup section */
		3BF47680DF6F08A2386A87CE /* Pods */ = {
			isa = PBXGroup;
			children = (
				39923E5593DBEFE17704D560 /* Pods-BaseProject_swift.debug.xcconfig */,
				291F33A03A98BF3899D8B757 /* Pods-BaseProject_swift.release.xcconfig */,
			);
			name = Pods;
			path = Pods;
			sourceTree = "<group>";
		};
		7701F6842635149300F68A9A = {
			isa = PBXGroup;
			children = (
				7701F68F2635149300F68A9A /* BaseProject_swift */,
				7701F68E2635149300F68A9A /* Products */,
				3BF47680DF6F08A2386A87CE /* Pods */,
				A7117A055A449574C104BE50 /* Frameworks */,
			);
			sourceTree = "<group>";
		};
		7701F68E2635149300F68A9A /* Products */ = {
			isa = PBXGroup;
			children = (
				7701F68D2635149300F68A9A /* BaseProject_swift.app */,
			);
			name = Products;
			sourceTree = "<group>";
		};
		7701F68F2635149300F68A9A /* BaseProject_swift */ = {
			isa = PBXGroup;
			children = (
				7701F6902635149300F68A9A /* AppDelegate.swift */,
				7701F6942635149300F68A9A /* ViewController.swift */,
				7701F6962635149300F68A9A /* Main.storyboard */,
				7701F6992635149600F68A9A /* Assets.xcassets */,
				7701F69B2635149600F68A9A /* LaunchScreen.storyboard */,
				7701F69E2635149600F68A9A /* Info.plist */,
			);
			path = BaseProject_swift;
			sourceTree = "<group>";
		};
		A7117A055A449574C104BE50 /* Frameworks */ = {
			isa = PBXGroup;
			children = (
				A78FF85E2E746BE76D7349D0 /* Pods_BaseProject_swift.framework */,
			);
			name = Frameworks;
			sourceTree = "<group>";
		};
/* End PBXGroup section */

/* Begin PBXNativeTarget section */
		7701F68C2635149300F68A9A /* BaseProject_swift */ = {
			isa = PBXNativeTarget;
			buildConfigurationList = 7701F6A12635149600F68A9A /* Build configuration list for PBXNativeTarget "BaseProject_swift" */;
			buildPhases = (
				CCFEFF78BAD4B5700A36807A /* [CP] Check Pods Manifest.lock */,
				7701F6892635149300F68A9A /* Sources */,
				7701F68A2635149300F68A9A /* Frameworks */,
				7701F68B2635149300F68A9A /* Resources */,
				8DE07DCBE7F4A0D92D0B22E8 /* [CP] Embed Pods Frameworks */,
			);
			buildRules = (
			);
			dependencies = (
			);
			name = BaseProject_swift;
			productName = BaseProject_swift;
			productReference = 7701F68D2635149300F68A9A /* BaseProject_swift.app */;
			productType = "com.apple.product-type.application";
		};
/* End PBXNativeTarget section */

/* Begin PBXProject section */
		7701F6852635149300F68A9A /* Project object */ = {
			isa = PBXProject;
			attributes = {
				LastSwiftUpdateCheck = 1240;
				LastUpgradeCheck = 1240;
				TargetAttributes = {
					7701F68C2635149300F68A9A = {
						CreatedOnToolsVersion = 12.4;
					};
				};
			};
			buildConfigurationList = 7701F6882635149300F68A9A /* Build configuration list for PBXProject "BaseProject_swift" */;
			compatibilityVersion = "Xcode 9.3";
			developmentRegion = en;
			hasScannedForEncodings = 0;
			knownRegions = (
				en,
				Base,
			);
			mainGroup = 7701F6842635149300F68A9A;
			productRefGroup = 7701F68E2635149300F68A9A /* Products */;
			projectDirPath = "";
			projectRoot = "";
			targets = (
				7701F68C2635149300F68A9A /* BaseProject_swift */,
			);
		};
/* End PBXProject section */

/* Begin PBXResourcesBuildPhase section */
		7701F68B2635149300F68A9A /* Resources */ = {
			isa = PBXResourcesBuildPhase;
			buildActionMask = 2147483647;
			files = (
				7701F69D2635149600F68A9A /* LaunchScreen.storyboard in Resources */,
				7701F69A2635149600F68A9A /* Assets.xcassets in Resources */,
				7701F6982635149300F68A9A /* Main.storyboard in Resources */,
			);
			runOnlyForDeploymentPostprocessing = 0;
		};
/* End PBXResourcesBuildPhase section */

/* Begin PBXShellScriptBuildPhase section */
		8DE07DCBE7F4A0D92D0B22E8 /* [CP] Embed Pods Frameworks */ = {
			isa = PBXShellScriptBuildPhase;
			buildActionMask = 2147483647;
			files = (
			);
			inputFileListPaths = (
				"${PODS_ROOT}/Target Support Files/Pods-BaseProject_swift/Pods-BaseProject_swift-frameworks-${CONFIGURATION}-input-files.xcfilelist",
			);
			name = "[CP] Embed Pods Frameworks";
			outputFileListPaths = (
				"${PODS_ROOT}/Target Support Files/Pods-BaseProject_swift/Pods-BaseProject_swift-frameworks-${CONFIGURATION}-output-files.xcfilelist",
			);
			runOnlyForDeploymentPostprocessing = 0;
			shellPath = /bin/sh;
			shellScript = "\"${PODS_ROOT}/Target Support Files/Pods-BaseProject_swift/Pods-BaseProject_swift-frameworks.sh\"\n";
			showEnvVarsInLog = 0;
		};
		CCFEFF78BAD4B5700A36807A /* [CP] Check Pods Manifest.lock */ = {
			isa = PBXShellScriptBuildPhase;
			buildActionMask = 2147483647;
			files = (
			);
			inputFileListPaths = (
			);
			inputPaths = (
				"${PODS_PODFILE_DIR_PATH}/Podfile.lock",
				"${PODS_ROOT}/Manifest.lock",
			);
			name = "[CP] Check Pods Manifest.lock";
			outputFileListPaths = (
			);
			outputPaths = (
				"$(DERIVED_FILE_DIR)/Pods-BaseProject_swift-checkManifestLockResult.txt",
			);
			runOnlyForDeploymentPostprocessing = 0;
			shellPath = /bin/sh;
			shellScript = "diff \"${PODS_PODFILE_DIR_PATH}/Podfile.lock\" \"${PODS_ROOT}/Manifest.lock\" > /dev/null\nif [ $? != 0 ] ; then\n    # print error to STDERR\n    echo \"error: The sandbox is not in sync with the Podfile.lock. Run 'pod install' or update your CocoaPods installation.\" >&2\n    exit 1\nfi\n# This output is used by Xcode 'outputs' to avoid re-running this script phase.\necho \"SUCCESS\" > \"${SCRIPT_OUTPUT_FILE_0}\"\n";
			showEnvVarsInLog = 0;
		};
/* End PBXShellScriptBuildPhase section */

/* Begin PBXSourcesBuildPhase section */
		7701F6892635149300F68A9A /* Sources */ = {
			isa = PBXSourcesBuildPhase;
			buildActionMask = 2147483647;
			files = (
				7701F6952635149300F68A9A /* ViewController.swift in Sources */,
				7701F6912635149300F68A9A /* AppDelegate.swift in Sources */,
			);
			runOnlyForDeploymentPostprocessing = 0;
		};
/* End PBXSourcesBuildPhase section */

/* Begin PBXVariantGroup section */
		7701F6962635149300F68A9A /* Main.storyboard */ = {
			isa = PBXVariantGroup;
			children = (
				7701F6972635149300F68A9A /* Base */,
			);
			name = Main.storyboard;
			sourceTree = "<group>";
		};
		7701F69B2635149600F68A9A /* LaunchScreen.storyboard */ = {
			isa = PBXVariantGroup;
			children = (
				7701F69C2635149600F68A9A /* Base */,
			);
			name = LaunchScreen.storyboard;
			sourceTree = "<group>";
		};
/* End PBXVariantGroup section */

/* Begin XCBuildConfiguration section */
		7701F69F2635149600F68A9A /* Debug */ = {
			isa = XCBuildConfiguration;
			buildSettings = {
				ALWAYS_SEARCH_USER_PATHS = NO;
				CLANG_ANALYZER_NONNULL = YES;
				CLANG_ANALYZER_NUMBER_OBJECT_CONVERSION = YES_AGGRESSIVE;
				CLANG_CXX_LANGUAGE_STANDARD = "gnu++14";
				CLANG_CXX_LIBRARY = "libc++";
				CLANG_ENABLE_MODULES = YES;
				CLANG_ENABLE_OBJC_ARC = YES;
				CLANG_ENABLE_OBJC_WEAK = YES;
				CLANG_WARN_BLOCK_CAPTURE_AUTORELEASING = YES;
				CLANG_WARN_BOOL_CONVERSION = YES;
				CLANG_WARN_COMMA = YES;
				CLANG_WARN_CONSTANT_CONVERSION = YES;
				CLANG_WARN_DEPRECATED_OBJC_IMPLEMENTATIONS = YES;
				CLANG_WARN_DIRECT_OBJC_ISA_USAGE = YES_ERROR;
				CLANG_WARN_DOCUMENTATION_COMMENTS = YES;
				CLANG_WARN_EMPTY_BODY = YES;
				CLANG_WARN_ENUM_CONVERSION = YES;
				CLANG_WARN_INFINITE_RECURSION = YES;
				CLANG_WARN_INT_CONVERSION = YES;
				CLANG_WARN_NON_LITERAL_NULL_CONVERSION = YES;
				CLANG_WARN_OBJC_IMPLICIT_RETAIN_SELF = YES;
				CLANG_WARN_OBJC_LITERAL_CONVERSION = YES;
				CLANG_WARN_OBJC_ROOT_CLASS = YES_ERROR;
				CLANG_WARN_QUOTED_INCLUDE_IN_FRAMEWORK_HEADER = YES;
				CLANG_WARN_RANGE_LOOP_ANALYSIS = YES;
				CLANG_WARN_STRICT_PROTOTYPES = YES;
				CLANG_WARN_SUSPICIOUS_MOVE = YES;
				CLANG_WARN_UNGUARDED_AVAILABILITY = YES_AGGRESSIVE;
				CLANG_WARN_UNREACHABLE_CODE = YES;
				CLANG_WARN__DUPLICATE_METHOD_MATCH = YES;
				COPY_PHASE_STRIP = NO;
				DEBUG_INFORMATION_FORMAT = dwarf;
				ENABLE_STRICT_OBJC_MSGSEND = YES;
				ENABLE_TESTABILITY = YES;
				GCC_C_LANGUAGE_STANDARD = gnu11;
				GCC_DYNAMIC_NO_PIC = NO;
				GCC_NO_COMMON_BLOCKS = YES;
				GCC_OPTIMIZATION_LEVEL = 0;
				GCC_PREPROCESSOR_DEFINITIONS = (
					"DEBUG=1",
					"$(inherited)",
				);
				GCC_WARN_64_TO_32_BIT_CONVERSION = YES;
				GCC_WARN_ABOUT_RETURN_TYPE = YES_ERROR;
				GCC_WARN_UNDECLARED_SELECTOR = YES;
				GCC_WARN_UNINITIALIZED_AUTOS = YES_AGGRESSIVE;
				GCC_WARN_UNUSED_FUNCTION = YES;
				GCC_WARN_UNUSED_VARIABLE = YES;
				IPHONEOS_DEPLOYMENT_TARGET = 14.4;
				MTL_ENABLE_DEBUG_INFO = INCLUDE_SOURCE;
				MTL_FAST_MATH = YES;
				ONLY_ACTIVE_ARCH = YES;
				SDKROOT = iphoneos;
				SWIFT_ACTIVE_COMPILATION_CONDITIONS = DEBUG;
				SWIFT_OPTIMIZATION_LEVEL = "-Onone";
			};
			name = Debug;
		};
		7701F6A02635149600F68A9A /* Release */ = {
			isa = XCBuildConfiguration;
			buildSettings = {
				ALWAYS_SEARCH_USER_PATHS = NO;
				CLANG_ANALYZER_NONNULL = YES;
				CLANG_ANALYZER_NUMBER_OBJECT_CONVERSION = YES_AGGRESSIVE;
				CLANG_CXX_LANGUAGE_STANDARD = "gnu++14";
				CLANG_CXX_LIBRARY = "libc++";
				CLANG_ENABLE_MODULES = YES;
				CLANG_ENABLE_OBJC_ARC = YES;
				CLANG_ENABLE_OBJC_WEAK = YES;
				CLANG_WARN_BLOCK_CAPTURE_AUTORELEASING = YES;
				CLANG_WARN_BOOL_CONVERSION = YES;
				CLANG_WARN_COMMA = YES;
				CLANG_WARN_CONSTANT_CONVERSION = YES;
				CLANG_WARN_DEPRECATED_OBJC_IMPLEMENTATIONS = YES;
				CLANG_WARN_DIRECT_OBJC_ISA_USAGE = YES_ERROR;
				CLANG_WARN_DOCUMENTATION_COMMENTS = YES;
				CLANG_WARN_EMPTY_BODY = YES;
				CLANG_WARN_ENUM_CONVERSION = YES;
				CLANG_WARN_INFINITE_RECURSION = YES;
				CLANG_WARN_INT_CONVERSION = YES;
				CLANG_WARN_NON_LITERAL_NULL_CONVERSION = YES;
				CLANG_WARN_OBJC_IMPLICIT_RETAIN_SELF = YES;
				CLANG_WARN_OBJC_LITERAL_CONVERSION = YES;
				CLANG_WARN_OBJC_ROOT_CLASS = YES_ERROR;
				CLANG_WARN_QUOTED_INCLUDE_IN_FRAMEWORK_HEADER = YES;
				CLANG_WARN_RANGE_LOOP_ANALYSIS = YES;
				CLANG_WARN_STRICT_PROTOTYPES = YES;
				CLANG_WARN_SUSPICIOUS_MOVE = YES;
				CLANG_WARN_UNGUARDED_AVAILABILITY = YES_AGGRESSIVE;
				CLANG_WARN_UNREACHABLE_CODE = YES;
				CLANG_WARN__DUPLICATE_METHOD_MATCH = YES;
				COPY_PHASE_STRIP = NO;
				DEBUG_INFORMATION_FORMAT = "dwarf-with-dsym";
				ENABLE_NS_ASSERTIONS = NO;
				ENABLE_STRICT_OBJC_MSGSEND = YES;
				GCC_C_LANGUAGE_STANDARD = gnu11;
				GCC_NO_COMMON_BLOCKS = YES;
				GCC_WARN_64_TO_32_BIT_CONVERSION = YES;
				GCC_WARN_ABOUT_RETURN_TYPE = YES_ERROR;
				GCC_WARN_UNDECLARED_SELECTOR = YES;
				GCC_WARN_UNINITIALIZED_AUTOS = YES_AGGRESSIVE;
				GCC_WARN_UNUSED_FUNCTION = YES;
				GCC_WARN_UNUSED_VARIABLE = YES;
				IPHONEOS_DEPLOYMENT_TARGET = 14.4;
				MTL_ENABLE_DEBUG_INFO = NO;
				MTL_FAST_MATH = YES;
				SDKROOT = iphoneos;
				SWIFT_COMPILATION_MODE = wholemodule;
				SWIFT_OPTIMIZATION_LEVEL = "-O";
				VALIDATE_PRODUCT = YES;
			};
			name = Release;
		};
		7701F6A22635149600F68A9A /* Debug */ = {
			isa = XCBuildConfiguration;
			baseConfigurationReference = 39923E5593DBEFE17704D560 /* Pods-BaseProject_swift.debug.xcconfig */;
			buildSettings = {
				ASSETCATALOG_COMPILER_APPICON_NAME = AppIcon;
				ASSETCATALOG_COMPILER_GLOBAL_ACCENT_COLOR_NAME = AccentColor;
				CODE_SIGN_STYLE = Automatic;
				DEVELOPMENT_TEAM = RG36R5GVH3;
				INFOPLIST_FILE = BaseProject_swift/Info.plist;
				LD_RUNPATH_SEARCH_PATHS = (
					"$(inherited)",
					"@executable_path/Frameworks",
				);
				PRODUCT_BUNDLE_IDENTIFIER = "com.doom.BaseProject-swift";
				PRODUCT_NAME = "$(TARGET_NAME)";
				SWIFT_VERSION = 5.0;
				TARGETED_DEVICE_FAMILY = "1,2";
			};
			name = Debug;
		};
		7701F6A32635149600F68A9A /* Release */ = {
			isa = XCBuildConfiguration;
			baseConfigurationReference = 291F33A03A98BF3899D8B757 /* Pods-BaseProject_swift.release.xcconfig */;
			buildSettings = {
				ASSETCATALOG_COMPILER_APPICON_NAME = AppIcon;
				ASSETCATALOG_COMPILER_GLOBAL_ACCENT_COLOR_NAME = AccentColor;
				CODE_SIGN_STYLE = Automatic;
				DEVELOPMENT_TEAM = RG36R5GVH3;
				INFOPLIST_FILE = BaseProject_swift/Info.plist;
				LD_RUNPATH_SEARCH_PATHS = (
					"$(inherited)",
					"@executable_path/Frameworks",
				);
				PRODUCT_BUNDLE_IDENTIFIER = "com.doom.BaseProject-swift";
				PRODUCT_NAME = "$(TARGET_NAME)";
				SWIFT_VERSION = 5.0;
				TARGETED_DEVICE_FAMILY = "1,2";
			};
			name = Release;
		};
/* End XCBuildConfiguration section */

/* Begin XCConfigurationList section */
		7701F6882635149300F68A9A /* Build configuration list for PBXProject "BaseProject_swift" */ = {
			isa = XCConfigurationList;
			buildConfigurations = (
				7701F69F2635149600F68A9A /* Debug */,
				7701F6A02635149600F68A9A /* Release */,
			);
			defaultConfigurationIsVisible = 0;
			defaultConfigurationName = Release;
		};
		7701F6A12635149600F68A9A /* Build configuration list for PBXNativeTarget "BaseProject_swift" */ = {
			isa = XCConfigurationList;
			buildConfigurations = (
				7701F6A22635149600F68A9A /* Debug */,
				7701F6A32635149600F68A9A /* Release */,
			);
			defaultConfigurationIsVisible = 0;
			defaultConfigurationName = Release;
		};
/* End XCConfigurationList section */
	};
	rootObject = 7701F6852635149300F68A9A /* Project object */;
}
